<?xml version="1.0" encoding="utf-8"?>
<Project ToolsVersion="4.0" xmlns="http://schemas.microsoft.com/developer/msbuild/2003">
  <ItemGroup>
    <Filter Include="Source Files">
      <UniqueIdentifier>{eeb60bb6-31f3-488b-bd20-1318f8c355f4}</UniqueIdentifier>
      <Extensions>cpp;c;cxx;rc;def;r;odl;hpj;bat;for;f90</Extensions>
    </Filter>
    <Filter Include="Header Files">
      <UniqueIdentifier>{08646f48-8c73-4463-99cf-fffbcb169239}</UniqueIdentifier>
      <Extensions>h;hpp;hxx;hm;inl;fi;fd</Extensions>
    </Filter>
    <Filter Include="Resource Files">
      <UniqueIdentifier>{940b4b3c-cd36-429b-93d3-d29e82e94806}</UniqueIdentifier>
      <Extensions>ico;cur;bmp;dlg;rc2;rct;bin;cnt;rtf;gif;jpg;jpeg;jpe</Extensions>
    </Filter>
  </ItemGroup>
  <ItemGroup>
    <ClCompile Include="Include\CJToolBar.cpp">
      <Filter>Source Files</Filter>
    </ClCompile>
    <ClCompile Include="src\engine\bidding\4thSuitForcingConvention.cpp">
      <Filter>Source Files</Filter>
    </ClCompile>
    <ClCompile Include="src\engine\bidding\Artificial2ClubConvention.cpp">
      <Filter>Source Files</Filter>
    </ClCompile>
    <ClCompile Include="src\engine\bidding\BidEngine.cpp">
      <Filter>Source Files</Filter>
    </ClCompile>
    <ClCompile Include="src\engine\bidding\BiddingResponse.cpp">
      <Filter>Source Files</Filter>
    </ClCompile>
    <ClCompile Include="src\engine\bidding\BiddingRebidExtended.cpp">
      <Filter>Source Files</Filter>
    </ClCompile>
    <ClCompile Include="src\engine\bidding\BiddingRebid2.cpp">
      <Filter>Source Files</Filter>
    </ClCompile>
    <ClCompile Include="src\engine\bidding\BiddingRebid.cpp">
      <Filter>Source Files</Filter>
    </ClCompile>
    <ClCompile Include="src\engine\bidding\BiddingOpen.cpp">
      <Filter>Source Files</Filter>
    </ClCompile>
    <ClCompile Include="src\engine\bidding\BiddingGeneral.cpp">
      <Filter>Source Files</Filter>
    </ClCompile>
    <ClCompile Include="src\engine\bidding\ConventionSet.cpp">
      <Filter>Source Files</Filter>
    </ClCompile>
    <ClCompile Include="src\engine\bidding\Convention.cpp">
      <Filter>Source Files</Filter>
    </ClCompile>
    <ClCompile Include="src\engine\bidding\BlackwoodConvention.cpp">
      <Filter>Source Files</Filter>
    </ClCompile>
    <ClCompile Include="src\engine\bidding\Gambling3NTConvention.cpp">
      <Filter>Source Files</Filter>
    </ClCompile>
    <ClCompile Include="src\engine\bidding\GerberConvention.cpp">
      <Filter>Source Files</Filter>
    </ClCompile>
    <ClCompile Include="src\engine\bidding\Jacoby2NTConvention.cpp">
      <Filter>Source Files</Filter>
    </ClCompile>
    <ClCompile Include="src\engine\bidding\JacobyTransferConvention.cpp">
      <Filter>Source Files</Filter>
    </ClCompile>
    <ClCompile Include="src\engine\bidding\MichaelsCueBidConvention.cpp">
      <Filter>Source Files</Filter>
    </ClCompile>
    <ClCompile Include="src\engine\bidding\OvercallsConvention.cpp">
      <Filter>Source Files</Filter>
    </ClCompile>
    <ClCompile Include="src\engine\bidding\ShutoutBidsConvention.cpp">
      <Filter>Source Files</Filter>
    </ClCompile>
    <ClCompile Include="src\engine\bidding\SlamConvention.cpp">
      <Filter>Source Files</Filter>
    </ClCompile>
    <ClCompile Include="src\engine\bidding\SplinterBidsConvention.cpp">
      <Filter>Source Files</Filter>
    </ClCompile>
    <ClCompile Include="src\engine\bidding\StaymanConvention.cpp">
      <Filter>Source Files</Filter>
    </ClCompile>
    <ClCompile Include="src\engine\bidding\StrongTwoBidsConvention.cpp">
      <Filter>Source Files</Filter>
    </ClCompile>
    <ClCompile Include="src\engine\bidding\TakeoutDoublesConvention.cpp">
      <Filter>Source Files</Filter>
    </ClCompile>
    <ClCompile Include="src\engine\bidding\UnusualNTConvention.cpp">
      <Filter>Source Files</Filter>
    </ClCompile>
    <ClCompile Include="src\engine\bidding\WeakTwoBidsConvention.cpp">
      <Filter>Source Files</Filter>
    </ClCompile>
    <ClCompile Include="src\engine\bidding\CueBidConvention.cpp">
      <Filter>Source Files</Filter>
    </ClCompile>
    <ClCompile Include="src\engine\bidding\DruryConvention.cpp">
      <Filter>Source Files</Filter>
    </ClCompile>
    <ClCompile Include="src\engine\bidding\NegativeDoublesConvention.cpp">
      <Filter>Source Files</Filter>
    </ClCompile>
    <ClCompile Include="src\engine\CardList.cpp">
      <Filter>Source Files</Filter>
    </ClCompile>
    <ClCompile Include="src\engine\CardLocation.cpp">
      <Filter>Source Files</Filter>
    </ClCompile>
    <ClCompile Include="src\engine\CardHoldings.cpp">
      <Filter>Source Files</Filter>
    </ClCompile>
    <ClCompile Include="src\engine\CombinedSuitHoldings.cpp">
      <Filter>Source Files</Filter>
    </ClCompile>
    <ClCompile Include="src\engine\CombinedHoldings.cpp">
      <Filter>Source Files</Filter>
    </ClCompile>
    <ClCompile Include="src\engine\play\Cash.cpp">
      <Filter>Source Files</Filter>
    </ClCompile>
    <ClCompile Include="src\engine\play\DeclarerPlayEngine.cpp">
      <Filter>Source Files</Filter>
    </ClCompile>
    <ClCompile Include="src\engine\play\DefenderPlayEngine.cpp">
      <Filter>Source Files</Filter>
    </ClCompile>
    <ClCompile Include="src\engine\play\Discard.cpp">
      <Filter>Source Files</Filter>
    </ClCompile>
    <ClCompile Include="src\engine\play\Drop.cpp">
      <Filter>Source Files</Filter>
    </ClCompile>
    <ClCompile Include="src\engine\play\DummyPlayEngine.cpp">
      <Filter>Source Files</Filter>
    </ClCompile>
    <ClCompile Include="src\engine\play\ExitPlay.cpp">
      <Filter>Source Files</Filter>
    </ClCompile>
    <ClCompile Include="src\engine\play\Finesse.cpp">
      <Filter>Source Files</Filter>
    </ClCompile>
    <ClCompile Include="src\engine\play\Force.cpp">
      <Filter>Source Files</Filter>
    </ClCompile>
    <ClCompile Include="src\engine\GameRecord.cpp">
      <Filter>Source Files</Filter>
    </ClCompile>
    <ClCompile Include="src\engine\GuessedCard.CPP">
      <Filter>Source Files</Filter>
    </ClCompile>
    <ClCompile Include="src\engine\GuessedCardHoldings.cpp">
      <Filter>Source Files</Filter>
    </ClCompile>
    <ClCompile Include="src\engine\GuessedHandHoldings.cpp">
      <Filter>Source Files</Filter>
    </ClCompile>
    <ClCompile Include="src\engine\GuessedSuitHoldings.cpp">
      <Filter>Source Files</Filter>
    </ClCompile>
    <ClCompile Include="src\engine\HandHoldings.cpp">
      <Filter>Source Files</Filter>
    </ClCompile>
    <ClCompile Include="src\engine\player.cpp">
      <Filter>Source Files</Filter>
    </ClCompile>
    <ClCompile Include="src\engine\play\PlayList.cpp">
      <Filter>Source Files</Filter>
    </ClCompile>
    <ClCompile Include="src\engine\play\Ruff.cpp">
      <Filter>Source Files</Filter>
    </ClCompile>
    <ClCompile Include="src\engine\play\TrumpPull.cpp">
      <Filter>Source Files</Filter>
    </ClCompile>
    <ClCompile Include="src\engine\play\Type1Finesse.cpp">
      <Filter>Source Files</Filter>
    </ClCompile>
    <ClCompile Include="src\engine\play\Type2Finesse.cpp">
      <Filter>Source Files</Filter>
    </ClCompile>
    <ClCompile Include="src\engine\play\Type3Finesse.cpp">
      <Filter>Source Files</Filter>
    </ClCompile>
    <ClCompile Include="src\engine\play\TypeAFinesse.cpp">
      <Filter>Source Files</Filter>
    </ClCompile>
    <ClCompile Include="src\engine\play\TypeBFinesse.cpp">
      <Filter>Source Files</Filter>
    </ClCompile>
    <ClCompile Include="src\engine\SuitHoldings.cpp">
      <Filter>Source Files</Filter>
    </ClCompile>
    <ClCompile Include="src\engine\DisplayHoldings.cpp">
      <Filter>Source Files</Filter>
    </ClCompile>
    <ClCompile Include="src\AnalysisDialog.cpp">
      <Filter>Source Files</Filter>
    </ClCompile>
    <ClCompile Include="src\AutoHintDialog.cpp">
      <Filter>Source Files</Filter>
    </ClCompile>
    <ClCompile Include="src\BidDialog.cpp">
      <Filter>Source Files</Filter>
    </ClCompile>
    <ClCompile Include="src\BiddingFinishedDialog.cpp">
      <Filter>Source Files</Filter>
    </ClCompile>
    <ClCompile Include="src\BidDlgLarge.cpp">
      <Filter>Source Files</Filter>
    </ClCompile>
    <ClCompile Include="src\BidDlgSmall.cpp">
      <Filter>Source Files</Filter>
    </ClCompile>
    <ClCompile Include="src\card.cpp">
      <Filter>Source Files</Filter>
    </ClCompile>
    <ClCompile Include="src\CardLayout.cpp">
      <Filter>Source Files</Filter>
    </ClCompile>
    <ClCompile Include="src\ConfigData.cpp">
      <Filter>Source Files</Filter>
    </ClCompile>
    <ClCompile Include="src\deal.cpp">
      <Filter>Source Files</Filter>
    </ClCompile>
    <ClCompile Include="src\DealNumberDialog.cpp">
      <Filter>Source Files</Filter>
    </ClCompile>
    <ClCompile Include="src\Deck.cpp">
      <Filter>Source Files</Filter>
    </ClCompile>
    <ClCompile Include="src\drawhand.cpp">
      <Filter>Source Files</Filter>
    </ClCompile>
    <ClCompile Include="src\DrawParameters.cpp">
      <Filter>Source Files</Filter>
    </ClCompile>
    <ClCompile Include="src\EasyBdoc.cpp">
      <Filter>Source Files</Filter>
    </ClCompile>
    <ClCompile Include="src\EasyBvw.cpp">
      <Filter>Source Files</Filter>
    </ClCompile>
    <ClCompile Include="src\EasyBVw2.cpp">
      <Filter>Source Files</Filter>
    </ClCompile>
    <ClCompile Include="src\editdlg.cpp">
      <Filter>Source Files</Filter>
    </ClCompile>
    <ClCompile Include="src\EventProcessor.cpp">
      <Filter>Source Files</Filter>
    </ClCompile>
    <ClCompile Include="src\FileComments.cpp">
      <Filter>Source Files</Filter>
    </ClCompile>
    <ClCompile Include="src\FilePropertiesDialog.cpp">
      <Filter>Source Files</Filter>
    </ClCompile>
    <ClCompile Include="src\GameReviewDialog.cpp">
      <Filter>Source Files</Filter>
    </ClCompile>
    <ClCompile Include="src\GIB.cpp">
      <Filter>Source Files</Filter>
    </ClCompile>
    <ClCompile Include="src\GIBDialog.cpp">
      <Filter>Source Files</Filter>
    </ClCompile>
    <ClCompile Include="src\GIBMonitorThread.cpp">
      <Filter>Source Files</Filter>
    </ClCompile>
    <ClCompile Include="src\HistoryWnd.cpp">
      <Filter>Source Files</Filter>
    </ClCompile>
    <ClCompile Include="src\mainfrm.cpp">
      <Filter>Source Files</Filter>
    </ClCompile>
    <ClCompile Include="src\MyCustomDialog.cpp">
      <Filter>Source Files</Filter>
    </ClCompile>
    <ClCompile Include="src\myfildlg.cpp">
      <Filter>Source Files</Filter>
    </ClCompile>
    <ClCompile Include="src\NNetAutotrainStatusDlg.cpp">
      <Filter>Source Files</Filter>
    </ClCompile>
    <ClCompile Include="src\NNetConfigDialog.cpp">
      <Filter>Source Files</Filter>
    </ClCompile>
    <ClCompile Include="src\NNetOutputDialog.cpp">
      <Filter>Source Files</Filter>
    </ClCompile>
    <ClCompile Include="src\PassedHandDialog.cpp">
      <Filter>Source Files</Filter>
    </ClCompile>
    <ClCompile Include="src\PassedHandSimpleDialog.cpp">
      <Filter>Source Files</Filter>
    </ClCompile>
    <ClCompile Include="src\PlayerStatusDialog.CPP">
      <Filter>Source Files</Filter>
    </ClCompile>
    <ClCompile Include="src\print.cpp">
      <Filter>Source Files</Filter>
    </ClCompile>
    <ClCompile Include="src\rdfile.cpp">
      <Filter>Source Files</Filter>
    </ClCompile>
    <ClCompile Include="src\RdFilePBN.cpp">
      <Filter>Source Files</Filter>
    </ClCompile>
    <ClCompile Include="src\RoundFinishedDialog.cpp">
      <Filter>Source Files</Filter>
    </ClCompile>
    <ClCompile Include="src\saveopts.cpp">
      <Filter>Source Files</Filter>
    </ClCompile>
    <ClCompile Include="src\ScoreDialog.cpp">
      <Filter>Source Files</Filter>
    </ClCompile>
    <ClCompile Include="src\ScreenSizeWarningDlg.cpp">
      <Filter>Source Files</Filter>
    </ClCompile>
    <ClCompile Include="src\SelectHandDialog.cpp">
      <Filter>Source Files</Filter>
    </ClCompile>
    <ClCompile Include="src\StatusAnalysesPage.cpp">
      <Filter>Source Files</Filter>
    </ClCompile>
    <ClCompile Include="src\StatusCardLocationsPage.cpp">
      <Filter>Source Files</Filter>
    </ClCompile>
    <ClCompile Include="src\StatusFeedbackPage.cpp">
      <Filter>Source Files</Filter>
    </ClCompile>
    <ClCompile Include="src\StatusGIBMonitorPage.cpp">
      <Filter>Source Files</Filter>
    </ClCompile>
    <ClCompile Include="src\StatusHoldingsPage.cpp">
      <Filter>Source Files</Filter>
    </ClCompile>
    <ClCompile Include="src\StatusPlayPlanPage.cpp">
      <Filter>Source Files</Filter>
    </ClCompile>
    <ClCompile Include="src\StatusSheet.cpp">
      <Filter>Source Files</Filter>
    </ClCompile>
    <ClCompile Include="src\StatusWnd.cpp">
      <Filter>Source Files</Filter>
    </ClCompile>
    <ClCompile Include="src\stdafx.cpp">
      <Filter>Source Files</Filter>
    </ClCompile>
    <ClCompile Include="src\subclass.cpp">
      <Filter>Source Files</Filter>
    </ClCompile>
    <ClCompile Include="src\TestPlayDialog.cpp">
      <Filter>Source Files</Filter>
    </ClCompile>
    <ClCompile Include="src\wrfile.cpp">
      <Filter>Source Files</Filter>
    </ClCompile>
    <ClCompile Include="src\WrFilePBN.cpp">
      <Filter>Source Files</Filter>
    </ClCompile>
    <ClCompile Include="src\EasyB.cpp">
      <Filter>Source Files</Filter>
    </ClCompile>
    <ClCompile Include="src\Globals.cpp">
      <Filter>Source Files</Filter>
    </ClCompile>
    <ClCompile Include="src\engine\play\Play.cpp">
      <Filter>Source Files</Filter>
    </ClCompile>
    <ClCompile Include="src\engine\play\PlayEngine.cpp">
      <Filter>Source Files</Filter>
    </ClCompile>
    <ClCompile Include="src\engine\play\HoldUp.cpp">
      <Filter>Source Files</Filter>
    </ClCompile>
    <ClCompile Include="src\display_card.cpp">
      <Filter>Source Files</Filter>
    </ClCompile>
  </ItemGroup>
  <ItemGroup>
    <ResourceCompile Include="EasyB.rc">
      <Filter>Source Files</Filter>
    </ResourceCompile>
  </ItemGroup>
  <ItemGroup>
    <ClInclude Include="src\engine\bidding\4thSuitForcingConvention.h">
      <Filter>Header Files</Filter>
    </ClInclude>
    <ClInclude Include="src\engine\bidding\Artificial2ClubConvention.h">
      <Filter>Header Files</Filter>
    </ClInclude>
    <ClInclude Include="src\engine\bidding\BidEngine.H">
      <Filter>Header Files</Filter>
    </ClInclude>
    <ClInclude Include="src\engine\bidding\ConventionSet.h">
      <Filter>Header Files</Filter>
    </ClInclude>
    <ClInclude Include="src\engine\bidding\Convention.h">
      <Filter>Header Files</Filter>
    </ClInclude>
    <ClInclude Include="src\engine\bidding\ConvCodes.h">
      <Filter>Header Files</Filter>
    </ClInclude>
    <ClInclude Include="src\engine\bidding\Bidopts.h">
      <Filter>Header Files</Filter>
    </ClInclude>
    <ClInclude Include="src\engine\bidding\Bidparams.H">
      <Filter>Header Files</Filter>
    </ClInclude>
    <ClInclude Include="src\engine\bidding\BlackwoodConvention.h">
      <Filter>Header Files</Filter>
    </ClInclude>
    <ClInclude Include="src\engine\bidding\Gambling3NTConvention.h">
      <Filter>Header Files</Filter>
    </ClInclude>
    <ClInclude Include="src\engine\bidding\GerberConvention.h">
      <Filter>Header Files</Filter>
    </ClInclude>
    <ClInclude Include="src\engine\bidding\Jacoby2NTConvention.h">
      <Filter>Header Files</Filter>
    </ClInclude>
    <ClInclude Include="src\engine\bidding\JacobyTransferConvention.h">
      <Filter>Header Files</Filter>
    </ClInclude>
    <ClInclude Include="src\engine\bidding\MichaelsCueBidConvention.h">
      <Filter>Header Files</Filter>
    </ClInclude>
    <ClInclude Include="src\engine\bidding\OvercallsConvention.h">
      <Filter>Header Files</Filter>
    </ClInclude>
    <ClInclude Include="src\engine\bidding\ShutoutBidsConvention.h">
      <Filter>Header Files</Filter>
    </ClInclude>
    <ClInclude Include="src\engine\bidding\SlamConvention.h">
      <Filter>Header Files</Filter>
    </ClInclude>
    <ClInclude Include="src\engine\bidding\SplinterBidsConvention.h">
      <Filter>Header Files</Filter>
    </ClInclude>
    <ClInclude Include="src\engine\bidding\StaymanConvention.h">
      <Filter>Header Files</Filter>
    </ClInclude>
    <ClInclude Include="src\engine\bidding\StrongTwoBidsConvention.h">
      <Filter>Header Files</Filter>
    </ClInclude>
    <ClInclude Include="src\engine\bidding\TakeoutDoublesConvention.h">
      <Filter>Header Files</Filter>
    </ClInclude>
    <ClInclude Include="src\engine\bidding\UnusualNTConvention.h">
      <Filter>Header Files</Filter>
    </ClInclude>
    <ClInclude Include="src\engine\bidding\WeakTwoBidsConvention.h">
      <Filter>Header Files</Filter>
    </ClInclude>
    <ClInclude Include="src\engine\bidding\CueBidConvention.h">
      <Filter>Header Files</Filter>
    </ClInclude>
    <ClInclude Include="src\engine\bidding\DruryConvention.h">
      <Filter>Header Files</Filter>
    </ClInclude>
    <ClInclude Include="src\engine\bidding\NegativeDoublesConvention.h">
      <Filter>Header Files</Filter>
    </ClInclude>
    <ClInclude Include="src\engine\cardopts.h">
      <Filter>Header Files</Filter>
    </ClInclude>
    <ClInclude Include="src\engine\CardList.H">
      <Filter>Header Files</Filter>
    </ClInclude>
    <ClInclude Include="src\engine\CardLocation.H">
      <Filter>Header Files</Filter>
    </ClInclude>
    <ClInclude Include="src\engine\CardHoldings.H">
      <Filter>Header Files</Filter>
    </ClInclude>
    <ClInclude Include="src\engine\CombinedSuitHoldings.H">
      <Filter>Header Files</Filter>
    </ClInclude>
    <ClInclude Include="src\engine\CombinedHoldings.H">
      <Filter>Header Files</Filter>
    </ClInclude>
    <ClInclude Include="src\engine\play\Cash.h">
      <Filter>Header Files</Filter>
    </ClInclude>
    <ClInclude Include="src\engine\play\DeclarerPlayEngine.H">
      <Filter>Header Files</Filter>
    </ClInclude>
    <ClInclude Include="src\engine\play\DefenderPlayEngine.H">
      <Filter>Header Files</Filter>
    </ClInclude>
    <ClInclude Include="src\engine\play\Discard.h">
      <Filter>Header Files</Filter>
    </ClInclude>
    <ClInclude Include="src\engine\play\Drop.h">
      <Filter>Header Files</Filter>
    </ClInclude>
    <ClInclude Include="src\engine\play\DummyPlayEngine.H">
      <Filter>Header Files</Filter>
    </ClInclude>
    <ClInclude Include="src\engine\play\ExitPlay.h">
      <Filter>Header Files</Filter>
    </ClInclude>
    <ClInclude Include="src\engine\play\Finesse.h">
      <Filter>Header Files</Filter>
    </ClInclude>
    <ClInclude Include="src\engine\play\Force.h">
      <Filter>Header Files</Filter>
    </ClInclude>
    <ClInclude Include="src\engine\GameRecord.h">
      <Filter>Header Files</Filter>
    </ClInclude>
    <ClInclude Include="src\engine\Handopts.h">
      <Filter>Header Files</Filter>
    </ClInclude>
    <ClInclude Include="src\engine\GuessedCard.H">
      <Filter>Header Files</Filter>
    </ClInclude>
    <ClInclude Include="src\engine\GuessedCardHoldings.H">
      <Filter>Header Files</Filter>
    </ClInclude>
    <ClInclude Include="src\engine\GuessedHandHoldings.H">
      <Filter>Header Files</Filter>
    </ClInclude>
    <ClInclude Include="src\engine\GuessedSuitHoldings.H">
      <Filter>Header Files</Filter>
    </ClInclude>
    <ClInclude Include="src\engine\HandHoldings.H">
      <Filter>Header Files</Filter>
    </ClInclude>
    <ClInclude Include="src\engine\playeropts.h">
      <Filter>Header Files</Filter>
    </ClInclude>
    <ClInclude Include="src\engine\play\PlayList.h">
      <Filter>Header Files</Filter>
    </ClInclude>
    <ClInclude Include="src\engine\play\Ruff.h">
      <Filter>Header Files</Filter>
    </ClInclude>
    <ClInclude Include="src\engine\play\TrumpPull.h">
      <Filter>Header Files</Filter>
    </ClInclude>
    <ClInclude Include="src\engine\play\Type1Finesse.h">
      <Filter>Header Files</Filter>
    </ClInclude>
    <ClInclude Include="src\engine\play\Type2Finesse.h">
      <Filter>Header Files</Filter>
    </ClInclude>
    <ClInclude Include="src\engine\play\Type3Finesse.h">
      <Filter>Header Files</Filter>
    </ClInclude>
    <ClInclude Include="src\engine\play\TypeAFinesse.h">
      <Filter>Header Files</Filter>
    </ClInclude>
    <ClInclude Include="src\engine\play\TypeBFinesse.h">
      <Filter>Header Files</Filter>
    </ClInclude>
    <ClInclude Include="src\engine\SuitHoldings.H">
      <Filter>Header Files</Filter>
    </ClInclude>
    <ClInclude Include="src\engine\DisplayHoldings.H">
      <Filter>Header Files</Filter>
    </ClInclude>
    <ClInclude Include="src\AnalysisDialog.h">
      <Filter>Header Files</Filter>
    </ClInclude>
    <ClInclude Include="src\AutoHintDialog.h">
      <Filter>Header Files</Filter>
    </ClInclude>
    <ClInclude Include="src\BidDialog.h">
      <Filter>Header Files</Filter>
    </ClInclude>
    <ClInclude Include="src\BiddingFinishedDialog.h">
      <Filter>Header Files</Filter>
    </ClInclude>
    <ClInclude Include="src\BidDlgLarge.h">
      <Filter>Header Files</Filter>
    </ClInclude>
    <ClInclude Include="src\BidDlgSmall.h">
      <Filter>Header Files</Filter>
    </ClInclude>
    <ClInclude Include="src\CARD.H">
      <Filter>Header Files</Filter>
    </ClInclude>
    <ClInclude Include="src\CardLayout.h">
      <Filter>Header Files</Filter>
    </ClInclude>
    <ClInclude Include="src\ConfigData.h">
      <Filter>Header Files</Filter>
    </ClInclude>
    <ClInclude Include="src\DealNumberDialog.h">
      <Filter>Header Files</Filter>
    </ClInclude>
    <ClInclude Include="src\DEALPARM.H">
      <Filter>Header Files</Filter>
    </ClInclude>
    <ClInclude Include="src\Deck.H">
      <Filter>Header Files</Filter>
    </ClInclude>
    <ClInclude Include="src\deckopts.h">
      <Filter>Header Files</Filter>
    </ClInclude>
    <ClInclude Include="src\DEFINES.H">
      <Filter>Header Files</Filter>
    </ClInclude>
    <ClInclude Include="src\DialogInfo.h">
      <Filter>Header Files</Filter>
    </ClInclude>
    <ClInclude Include="src\docopts.h">
      <Filter>Header Files</Filter>
    </ClInclude>
    <ClInclude Include="src\DrawParameters.h">
      <Filter>Header Files</Filter>
    </ClInclude>
    <ClInclude Include="src\EasyBdoc.h">
      <Filter>Header Files</Filter>
    </ClInclude>
    <ClInclude Include="src\EasyBvw.h">
      <Filter>Header Files</Filter>
    </ClInclude>
    <ClInclude Include="src\editdlg.h">
      <Filter>Header Files</Filter>
    </ClInclude>
    <ClInclude Include="src\EventProcessor.h">
      <Filter>Header Files</Filter>
    </ClInclude>
    <ClInclude Include="src\FILECODE.H">
      <Filter>Header Files</Filter>
    </ClInclude>
    <ClInclude Include="src\FileCodePBN.H">
      <Filter>Header Files</Filter>
    </ClInclude>
    <ClInclude Include="src\FileComments.h">
      <Filter>Header Files</Filter>
    </ClInclude>
    <ClInclude Include="src\FilePropertiesDialog.h">
      <Filter>Header Files</Filter>
    </ClInclude>
    <ClInclude Include="src\GameReviewDialog.h">
      <Filter>Header Files</Filter>
    </ClInclude>
    <ClInclude Include="src\GIB.h">
      <Filter>Header Files</Filter>
    </ClInclude>
    <ClInclude Include="src\GIBDialog.h">
      <Filter>Header Files</Filter>
    </ClInclude>
    <ClInclude Include="src\GIBMonitorThread.h">
      <Filter>Header Files</Filter>
    </ClInclude>
    <ClInclude Include="src\HistoryWnd.h">
      <Filter>Header Files</Filter>
    </ClInclude>
    <ClInclude Include="src\MainFrameopts.h">
      <Filter>Header Files</Filter>
    </ClInclude>
    <ClInclude Include="src\mainfrm.h">
      <Filter>Header Files</Filter>
    </ClInclude>
    <ClInclude Include="src\MyCustomDialog.h">
      <Filter>Header Files</Filter>
    </ClInclude>
    <ClInclude Include="src\MyException.h">
      <Filter>Header Files</Filter>
    </ClInclude>
    <ClInclude Include="src\MYFILDLG.H">
      <Filter>Header Files</Filter>
    </ClInclude>
    <ClInclude Include="src\NNetAutotrainStatusDlg.h">
      <Filter>Header Files</Filter>
    </ClInclude>
    <ClInclude Include="src\NNetConfigDialog.h">
      <Filter>Header Files</Filter>
    </ClInclude>
    <ClInclude Include="src\NNetOutputDialog.h">
      <Filter>Header Files</Filter>
    </ClInclude>
    <ClInclude Include="src\ObjectWithProperties.h">
      <Filter>Header Files</Filter>
    </ClInclude>
    <ClInclude Include="src\PassedHandDialog.h">
      <Filter>Header Files</Filter>
    </ClInclude>
    <ClInclude Include="src\PassedHandSimpleDialog.h">
      <Filter>Header Files</Filter>
    </ClInclude>
    <ClInclude Include="src\PlayerStatusDialog.H">
      <Filter>Header Files</Filter>
    </ClInclude>
    <ClInclude Include="src\progopts.h">
      <Filter>Header Files</Filter>
    </ClInclude>
    <ClInclude Include="src\roundfinisheddialog.h">
      <Filter>Header Files</Filter>
    </ClInclude>
    <ClInclude Include="src\saveopts.h">
      <Filter>Header Files</Filter>
    </ClInclude>
    <ClInclude Include="src\ScoreDialog.h">
      <Filter>Header Files</Filter>
    </ClInclude>
    <ClInclude Include="src\ScreenSizeWarningDlg.h">
      <Filter>Header Files</Filter>
    </ClInclude>
    <ClInclude Include="src\SelectHandDialog.h">
      <Filter>Header Files</Filter>
    </ClInclude>
    <ClInclude Include="src\StatusAnalysesPage.h">
      <Filter>Header Files</Filter>
    </ClInclude>
    <ClInclude Include="src\StatusCardLocationsPage.h">
      <Filter>Header Files</Filter>
    </ClInclude>
    <ClInclude Include="src\StatusFeedbackPage.h">
      <Filter>Header Files</Filter>
    </ClInclude>
    <ClInclude Include="src\StatusGIBMonitorPage.h">
      <Filter>Header Files</Filter>
    </ClInclude>
    <ClInclude Include="src\StatusHoldingsPage.h">
      <Filter>Header Files</Filter>
    </ClInclude>
    <ClInclude Include="src\StatusPlayPlanPage.h">
      <Filter>Header Files</Filter>
    </ClInclude>
    <ClInclude Include="src\StatusSheet.h">
      <Filter>Header Files</Filter>
    </ClInclude>
    <ClInclude Include="src\StatusWnd.h">
      <Filter>Header Files</Filter>
    </ClInclude>
    <ClInclude Include="src\stdafx.h">
      <Filter>Header Files</Filter>
    </ClInclude>
    <ClInclude Include="src\SUBCLASS.H">
      <Filter>Header Files</Filter>
    </ClInclude>
    <ClInclude Include="src\TestPlayDialog.h">
      <Filter>Header Files</Filter>
    </ClInclude>
    <ClInclude Include="src\viewopts.h">
      <Filter>Header Files</Filter>
    </ClInclude>
    <ClInclude Include="src\EasyB.h">
      <Filter>Header Files</Filter>
    </ClInclude>
    <ClInclude Include="src\Globals.h">
      <Filter>Header Files</Filter>
    </ClInclude>
    <ClInclude Include="src\engine\play\Play.h">
      <Filter>Header Files</Filter>
    </ClInclude>
    <ClInclude Include="src\engine\play\PlayEngine.H">
      <Filter>Header Files</Filter>
    </ClInclude>
    <ClInclude Include="src\engine\PLAYER.H">
      <Filter>Header Files</Filter>
    </ClInclude>
    <ClInclude Include="src\engine\play\HoldUp.h">
      <Filter>Header Files</Filter>
    </ClInclude>
    <ClInclude Include="src\display_card.h">
      <Filter>Header Files</Filter>
    </ClInclude>
  </ItemGroup>
  <ItemGroup>
    <Image Include="Res\1.BMP">
      <Filter>Resource Files</Filter>
    </Image>
    <Image Include="Res\10.BMP">
      <Filter>Resource Files</Filter>
    </Image>
    <Image Include="Res\11.bmp">
      <Filter>Resource Files</Filter>
    </Image>
    <Image Include="Res\12.BMP">
      <Filter>Resource Files</Filter>
    </Image>
    <Image Include="Res\13.BMP">
      <Filter>Resource Files</Filter>
    </Image>
    <Image Include="Res\14.BMP">
      <Filter>Resource Files</Filter>
    </Image>
    <Image Include="Res\15.BMP">
      <Filter>Resource Files</Filter>
    </Image>
    <Image Include="Res\16.BMP">
      <Filter>Resource Files</Filter>
    </Image>
    <Image Include="Res\17.BMP">
      <Filter>Resource Files</Filter>
    </Image>
    <Image Include="Res\18.BMP">
      <Filter>Resource Files</Filter>
    </Image>
    <Image Include="Res\19.BMP">
      <Filter>Resource Files</Filter>
    </Image>
    <Image Include="Res\2.BMP">
      <Filter>Resource Files</Filter>
    </Image>
    <Image Include="Res\20.BMP">
      <Filter>Resource Files</Filter>
    </Image>
    <Image Include="Res\21.BMP">
      <Filter>Resource Files</Filter>
    </Image>
    <Image Include="Res\22.BMP">
      <Filter>Resource Files</Filter>
    </Image>
    <Image Include="Res\23.BMP">
      <Filter>Resource Files</Filter>
    </Image>
    <Image Include="Res\24.bmp">
      <Filter>Resource Files</Filter>
    </Image>
    <Image Include="Res\25.BMP">
      <Filter>Resource Files</Filter>
    </Image>
    <Image Include="Res\26.BMP">
      <Filter>Resource Files</Filter>
    </Image>
    <Image Include="Res\27.BMP">
      <Filter>Resource Files</Filter>
    </Image>
    <Image Include="Res\28.BMP">
      <Filter>Resource Files</Filter>
    </Image>
    <Image Include="Res\29.BMP">
      <Filter>Resource Files</Filter>
    </Image>
    <Image Include="Res\3.BMP">
      <Filter>Resource Files</Filter>
    </Image>
    <Image Include="Res\30.BMP">
      <Filter>Resource Files</Filter>
    </Image>
    <Image Include="Res\31.BMP">
      <Filter>Resource Files</Filter>
    </Image>
    <Image Include="Res\32.BMP">
      <Filter>Resource Files</Filter>
    </Image>
    <Image Include="Res\33.BMP">
      <Filter>Resource Files</Filter>
    </Image>
    <Image Include="Res\34.BMP">
      <Filter>Resource Files</Filter>
    </Image>
    <Image Include="Res\35.BMP">
      <Filter>Resource Files</Filter>
    </Image>
    <Image Include="Res\36.BMP">
      <Filter>Resource Files</Filter>
    </Image>
    <Image Include="Res\37.BMP">
      <Filter>Resource Files</Filter>
    </Image>
    <Image Include="Res\38.BMP">
      <Filter>Resource Files</Filter>
    </Image>
    <Image Include="Res\39.BMP">
      <Filter>Resource Files</Filter>
    </Image>
    <Image Include="Res\4.BMP">
      <Filter>Resource Files</Filter>
    </Image>
    <Image Include="Res\40.BMP">
      <Filter>Resource Files</Filter>
    </Image>
    <Image Include="Res\41.BMP">
      <Filter>Resource Files</Filter>
    </Image>
    <Image Include="Res\42.BMP">
      <Filter>Resource Files</Filter>
    </Image>
    <Image Include="Res\43.BMP">
      <Filter>Resource Files</Filter>
    </Image>
    <Image Include="Res\44.BMP">
      <Filter>Resource Files</Filter>
    </Image>
    <Image Include="Res\45.BMP">
      <Filter>Resource Files</Filter>
    </Image>
    <Image Include="Res\46.BMP">
      <Filter>Resource Files</Filter>
    </Image>
    <Image Include="Res\47.BMP">
      <Filter>Resource Files</Filter>
    </Image>
    <Image Include="Res\48.BMP">
      <Filter>Resource Files</Filter>
    </Image>
    <Image Include="Res\49.BMP">
      <Filter>Resource Files</Filter>
    </Image>
    <Image Include="Res\5.BMP">
      <Filter>Resource Files</Filter>
    </Image>
    <Image Include="Res\50.BMP">
      <Filter>Resource Files</Filter>
    </Image>
    <Image Include="Res\51.BMP">
      <Filter>Resource Files</Filter>
    </Image>
    <Image Include="Res\52.BMP">
      <Filter>Resource Files</Filter>
    </Image>
    <Image Include="Res\6.BMP">
      <Filter>Resource Files</Filter>
    </Image>
    <Image Include="Res\7.BMP">
      <Filter>Resource Files</Filter>
    </Image>
    <Image Include="78.bmp">
      <Filter>Resource Files</Filter>
    </Image>
    <Image Include="Res\8.BMP">
      <Filter>Resource Files</Filter>
    </Image>
    <Image Include="Res\9.BMP">
      <Filter>Resource Files</Filter>
    </Image>
    <Image Include="Res\about_pr.bmp">
      <Filter>Resource Files</Filter>
    </Image>
    <Image Include="Res\about_pr2.bmp">
      <Filter>Resource Files</Filter>
    </Image>
    <Image Include="Res\alert.ico">
      <Filter>Resource Files</Filter>
    </Image>
    <Image Include="Res\analysis_small.ico">
      <Filter>Resource Files</Filter>
    </Image>
    <Image Include="Res\bcardback14.bmp">
      <Filter>Resource Files</Filter>
    </Image>
    <Image Include="Res\BITMAP1.BMP">
      <Filter>Resource Files</Filter>
    </Image>
    <Image Include="Res\bitmap3.bmp">
      <Filter>Resource Files</Filter>
    </Image>
    <Image Include="Res\bitmap4.bmp">
      <Filter>Resource Files</Filter>
    </Image>
    <Image Include="Res\bmp00001.bmp">
      <Filter>Resource Files</Filter>
    </Image>
    <Image Include="Res\bmp00036.bmp">
      <Filter>Resource Files</Filter>
    </Image>
    <Image Include="Res\BridgeScene.bmp">
      <Filter>Resource Files</Filter>
    </Image>
    <Image Include="Res\BridgeScene2.bmp">
      <Filter>Resource Files</Filter>
    </Image>
    <Image Include="Res\BridgeSceneGG.bmp">
      <Filter>Resource Files</Filter>
    </Image>
    <Image Include="Res\CARDBACK.BMP">
      <Filter>Resource Files</Filter>
    </Image>
    <Image Include="Res\cardback0.bmp">
      <Filter>Resource Files</Filter>
    </Image>
    <Image Include="Res\cardback1.bmp">
      <Filter>Resource Files</Filter>
    </Image>
    <Image Include="Res\cardback10.bmp">
      <Filter>Resource Files</Filter>
    </Image>
    <Image Include="Res\cardback11.bmp">
      <Filter>Resource Files</Filter>
    </Image>
    <Image Include="Res\cardback12.bmp">
      <Filter>Resource Files</Filter>
    </Image>
    <Image Include="Res\cardback13.bmp">
      <Filter>Resource Files</Filter>
    </Image>
    <Image Include="Res\cardback14.bmp">
      <Filter>Resource Files</Filter>
    </Image>
    <Image Include="Res\cardback15.bmp">
      <Filter>Resource Files</Filter>
    </Image>
    <Image Include="Res\cardback16.bmp">
      <Filter>Resource Files</Filter>
    </Image>
    <Image Include="Res\cardback17.bmp">
      <Filter>Resource Files</Filter>
    </Image>
    <Image Include="Res\cardback18.bmp">
      <Filter>Resource Files</Filter>
    </Image>
    <Image Include="Res\cardback19.bmp">
      <Filter>Resource Files</Filter>
    </Image>
    <Image Include="Res\cardback2.bmp">
      <Filter>Resource Files</Filter>
    </Image>
    <Image Include="Res\cardback20.bmp">
      <Filter>Resource Files</Filter>
    </Image>
    <Image Include="Res\cardback21.bmp">
      <Filter>Resource Files</Filter>
    </Image>
    <Image Include="Res\cardback22.bmp">
      <Filter>Resource Files</Filter>
    </Image>
    <Image Include="Res\cardback23.bmp">
      <Filter>Resource Files</Filter>
    </Image>
    <Image Include="Res\cardback3.bmp">
      <Filter>Resource Files</Filter>
    </Image>
    <Image Include="Res\cardback4.bmp">
      <Filter>Resource Files</Filter>
    </Image>
    <Image Include="Res\cardback5.bmp">
      <Filter>Resource Files</Filter>
    </Image>
    <Image Include="Res\cardback6.bmp">
      <Filter>Resource Files</Filter>
    </Image>
    <Image Include="Res\cardback7.bmp">
      <Filter>Resource Files</Filter>
    </Image>
    <Image Include="Res\cardback8.bmp">
      <Filter>Resource Files</Filter>
    </Image>
    <Image Include="Res\cardback9.bmp">
      <Filter>Resource Files</Filter>
    </Image>
    <Image Include="Res\cardbacks.bmp">
      <Filter>Resource Files</Filter>
    </Image>
    <Image Include="Res\CARDMASK.BMP">
      <Filter>Resource Files</Filter>
    </Image>
    <Image Include="Res\cardmask_s.bmp">
      <Filter>Resource Files</Filter>
    </Image>
    <Image Include="Res\ComputerBidPrompt.ico">
      <Filter>Resource Files</Filter>
    </Image>
    <Image Include="Res\contract.ico">
      <Filter>Resource Files</Filter>
    </Image>
    <Image Include="Res\ctl_imag.bmp">
      <Filter>Resource Files</Filter>
    </Image>
    <Image Include="Res\default_background.bmp">
      <Filter>Resource Files</Filter>
    </Image>
    <Image Include="Res\EASYB.ICO">
      <Filter>Resource Files</Filter>
    </Image>
    <Image Include="Res\expand1.ico">
      <Filter>Resource Files</Filter>
    </Image>
    <Image Include="Res\hidden_toolbar.bmp">
      <Filter>Resource Files</Filter>
    </Image>
    <Image Include="Res\ICO00001.ICO">
      <Filter>Resource Files</Filter>
    </Image>
    <Image Include="Res\ico00002.ico">
      <Filter>Resource Files</Filter>
    </Image>
    <Image Include="Res\ico00003.ico">
      <Filter>Resource Files</Filter>
    </Image>
    <Image Include="Res\ico00004.ico">
      <Filter>Resource Files</Filter>
    </Image>
    <Image Include="Res\ico00005.ico">
      <Filter>Resource Files</Filter>
    </Image>
    <Image Include="Res\ico00006.ico">
      <Filter>Resource Files</Filter>
    </Image>
    <Image Include="Res\ico00007.ico">
      <Filter>Resource Files</Filter>
    </Image>
    <Image Include="Res\ico00008.ico">
      <Filter>Resource Files</Filter>
    </Image>
    <Image Include="Res\ico00009.ico">
      <Filter>Resource Files</Filter>
    </Image>
    <Image Include="Res\ico00010.ico">
      <Filter>Resource Files</Filter>
    </Image>
    <Image Include="Res\ico00011.ico">
      <Filter>Resource Files</Filter>
    </Image>
    <Image Include="Res\ico00012.ico">
      <Filter>Resource Files</Filter>
    </Image>
    <Image Include="Res\ico00013.ico">
      <Filter>Resource Files</Filter>
    </Image>
    <Image Include="Res\ico00014.ico">
      <Filter>Resource Files</Filter>
    </Image>
    <Image Include="Res\ico00015.ico">
      <Filter>Resource Files</Filter>
    </Image>
    <Image Include="Res\ico00016.ico">
      <Filter>Resource Files</Filter>
    </Image>
    <Image Include="Res\ico00017.ico">
      <Filter>Resource Files</Filter>
    </Image>
    <Image Include="Res\ico00018.ico">
      <Filter>Resource Files</Filter>
    </Image>
    <Image Include="Res\ico00019.ico">
      <Filter>Resource Files</Filter>
    </Image>
    <Image Include="Res\ico00020.ico">
      <Filter>Resource Files</Filter>
    </Image>
    <Image Include="Res\ico00021.ico">
      <Filter>Resource Files</Filter>
    </Image>
    <Image Include="Res\ico00022.ico">
      <Filter>Resource Files</Filter>
    </Image>
    <Image Include="Res\ico00023.ico">
      <Filter>Resource Files</Filter>
    </Image>
    <Image Include="Res\ico00024.ico">
      <Filter>Resource Files</Filter>
    </Image>
    <Image Include="Res\ico00025.ico">
      <Filter>Resource Files</Filter>
    </Image>
    <Image Include="Res\ico00026.ico">
      <Filter>Resource Files</Filter>
    </Image>
    <Image Include="Res\ico00027.ico">
      <Filter>Resource Files</Filter>
    </Image>
    <Image Include="Res\ico00028.ico">
      <Filter>Resource Files</Filter>
    </Image>
    <Image Include="Res\ico00029.ico">
      <Filter>Resource Files</Filter>
    </Image>
    <Image Include="Res\ico00030.ico">
      <Filter>Resource Files</Filter>
    </Image>
    <Image Include="Res\ico00031.ico">
      <Filter>Resource Files</Filter>
    </Image>
    <Image Include="Res\ico00032.ico">
      <Filter>Resource Files</Filter>
    </Image>
    <Image Include="Res\ico00033.ico">
      <Filter>Resource Files</Filter>
    </Image>
    <Image Include="Res\ico00034.ico">
      <Filter>Resource Files</Filter>
    </Image>
    <Image Include="Res\ico00035.ico">
      <Filter>Resource Files</Filter>
    </Image>
    <Image Include="Res\ico00036.ico">
      <Filter>Resource Files</Filter>
    </Image>
    <Image Include="Res\ico00037.ico">
      <Filter>Resource Files</Filter>
    </Image>
    <Image Include="Res\ico00038.ico">
      <Filter>Resource Files</Filter>
    </Image>
    <Image Include="Res\ico00039.ico">
      <Filter>Resource Files</Filter>
    </Image>
    <Image Include="Res\ico00040.ico">
      <Filter>Resource Files</Filter>
    </Image>
    <Image Include="Res\ico00041.ico">
      <Filter>Resource Files</Filter>
    </Image>
    <Image Include="Res\ico_1c.ico">
      <Filter>Resource Files</Filter>
    </Image>
    <Image Include="Res\ico_1d.ico">
      <Filter>Resource Files</Filter>
    </Image>
    <Image Include="Res\ico_1h.ico">
      <Filter>Resource Files</Filter>
    </Image>
    <Image Include="Res\ico_1nt.ico">
      <Filter>Resource Files</Filter>
    </Image>
    <Image Include="Res\ico_1s.ico">
      <Filter>Resource Files</Filter>
    </Image>
    <Image Include="Res\ico_2c.ico">
      <Filter>Resource Files</Filter>
    </Image>
    <Image Include="Res\ico_2d.ico">
      <Filter>Resource Files</Filter>
    </Image>
    <Image Include="Res\ico_2h.ico">
      <Filter>Resource Files</Filter>
    </Image>
    <Image Include="Res\ico_2nt.ico">
      <Filter>Resource Files</Filter>
    </Image>
    <Image Include="Res\ico_2s.ico">
      <Filter>Resource Files</Filter>
    </Image>
    <Image Include="Res\ico_3c.ico">
      <Filter>Resource Files</Filter>
    </Image>
    <Image Include="Res\ico_3d.ico">
      <Filter>Resource Files</Filter>
    </Image>
    <Image Include="Res\ico_3h.ico">
      <Filter>Resource Files</Filter>
    </Image>
    <Image Include="Res\ico_3nt.ico">
      <Filter>Resource Files</Filter>
    </Image>
    <Image Include="Res\ico_3s.ico">
      <Filter>Resource Files</Filter>
    </Image>
    <Image Include="Res\ico_4c.ico">
      <Filter>Resource Files</Filter>
    </Image>
    <Image Include="Res\ico_4d.ico">
      <Filter>Resource Files</Filter>
    </Image>
    <Image Include="Res\ico_4h.ico">
      <Filter>Resource Files</Filter>
    </Image>
    <Image Include="Res\ico_4nt.ico">
      <Filter>Resource Files</Filter>
    </Image>
    <Image Include="Res\ico_4s.ico">
      <Filter>Resource Files</Filter>
    </Image>
    <Image Include="Res\ico_5c.ico">
      <Filter>Resource Files</Filter>
    </Image>
    <Image Include="Res\ico_5d.ico">
      <Filter>Resource Files</Filter>
    </Image>
    <Image Include="Res\ico_5h.ico">
      <Filter>Resource Files</Filter>
    </Image>
    <Image Include="Res\ico_5nt.ico">
      <Filter>Resource Files</Filter>
    </Image>
    <Image Include="Res\ico_5s.ico">
      <Filter>Resource Files</Filter>
    </Image>
    <Image Include="Res\ico_6c.ico">
      <Filter>Resource Files</Filter>
    </Image>
    <Image Include="Res\ico_6d.ico">
      <Filter>Resource Files</Filter>
    </Image>
    <Image Include="Res\ico_6h.ico">
      <Filter>Resource Files</Filter>
    </Image>
    <Image Include="Res\ico_6nt.ico">
      <Filter>Resource Files</Filter>
    </Image>
    <Image Include="Res\ico_6s.ico">
      <Filter>Resource Files</Filter>
    </Image>
    <Image Include="Res\ico_7c.ico">
      <Filter>Resource Files</Filter>
    </Image>
    <Image Include="Res\ico_7d.ico">
      <Filter>Resource Files</Filter>
    </Image>
    <Image Include="Res\ico_7h.ico">
      <Filter>Resource Files</Filter>
    </Image>
    <Image Include="Res\ico_7nt.ico">
      <Filter>Resource Files</Filter>
    </Image>
    <Image Include="Res\ico_7s.ico">
      <Filter>Resource Files</Filter>
    </Image>
    <Image Include="Res\ico_collapse.ico">
      <Filter>Resource Files</Filter>
    </Image>
    <Image Include="Res\ico_expand.ico">
      <Filter>Resource Files</Filter>
    </Image>
    <Image Include="Res\ico_play_history.ico">
      <Filter>Resource Files</Filter>
    </Image>
    <Image Include="Res\ICON1.ICO">
      <Filter>Resource Files</Filter>
    </Image>
    <Image Include="Res\idbs_car.bmp">
      <Filter>Resource Files</Filter>
    </Image>
    <Image Include="Res\idr_clos.ico">
      <Filter>Resource Files</Filter>
    </Image>
    <Image Include="Res\IDR_MAIN.ICO">
      <Filter>Resource Files</Filter>
    </Image>
    <Image Include="Res\IDR_PLAY.ICO">
      <Filter>Resource Files</Filter>
    </Image>
    <Image Include="Res\information.ico">
      <Filter>Resource Files</Filter>
    </Image>
    <Image Include="Res\introduction.bmp">
      <Filter>Resource Files</Filter>
    </Image>
    <Image Include="Res\level_1.ico">
      <Filter>Resource Files</Filter>
    </Image>
    <Image Include="Res\level_2.ico">
      <Filter>Resource Files</Filter>
    </Image>
    <Image Include="Res\level_3.ico">
      <Filter>Resource Files</Filter>
    </Image>
    <Image Include="Res\level_4.ico">
      <Filter>Resource Files</Filter>
    </Image>
    <Image Include="Res\level_5.ico">
      <Filter>Resource Files</Filter>
    </Image>
    <Image Include="Res\level_6.ico">
      <Filter>Resource Files</Filter>
    </Image>
    <Image Include="Res\level_7.ico">
      <Filter>Resource Files</Filter>
    </Image>
    <Image Include="Res\losers.bmp">
      <Filter>Resource Files</Filter>
    </Image>
    <Image Include="Res\losers_small.bmp">
      <Filter>Resource Files</Filter>
    </Image>
    <Image Include="Res\mainfram.bmp">
      <Filter>Resource Files</Filter>
    </Image>
    <Image Include="Res\mainframe_toolbar.bmp">
      <Filter>Resource Files</Filter>
    </Image>
    <Image Include="Res\play_too.bmp">
      <Filter>Resource Files</Filter>
    </Image>
    <Image Include="Res\play_toolbar.bmp">
      <Filter>Resource Files</Filter>
    </Image>
    <Image Include="Res\PlayerBidPrompt.ico">
      <Filter>Resource Files</Filter>
    </Image>
    <Image Include="Res\Portrait.bmp">
      <Filter>Resource Files</Filter>
    </Image>
    <Image Include="Res\ProgramTitle.bmp">
      <Filter>Resource Files</Filter>
    </Image>
    <Image Include="Res\review_f.ico">
      <Filter>Resource Files</Filter>
    </Image>
    <Image Include="Res\review_first.ico">
      <Filter>Resource Files</Filter>
    </Image>
    <Image Include="Res\review_first_game.ico">
      <Filter>Resource Files</Filter>
    </Image>
    <Image Include="Res\review_l.ico">
      <Filter>Resource Files</Filter>
    </Image>
    <Image Include="Res\review_last.ico">
      <Filter>Resource Files</Filter>
    </Image>
    <Image Include="Res\review_last_game.ico">
      <Filter>Resource Files</Filter>
    </Image>
    <Image Include="Res\review_n.ico">
      <Filter>Resource Files</Filter>
    </Image>
    <Image Include="Res\review_next.ico">
      <Filter>Resource Files</Filter>
    </Image>
    <Image Include="Res\review_next_game.ico">
      <Filter>Resource Files</Filter>
    </Image>
    <Image Include="Res\review_p.ico">
      <Filter>Resource Files</Filter>
    </Image>
    <Image Include="Res\review_prev.ico">
      <Filter>Resource Files</Filter>
    </Image>
    <Image Include="Res\review_prev_game.ico">
      <Filter>Resource Files</Filter>
    </Image>
    <Image Include="Res\s_cardback0.bmp">
      <Filter>Resource Files</Filter>
    </Image>
    <Image Include="Res\s_cardback1.bmp">
      <Filter>Resource Files</Filter>
    </Image>
    <Image Include="Res\s_cardback2.bmp">
      <Filter>Resource Files</Filter>
    </Image>
    <Image Include="Res\sc1.bmp">
      <Filter>Resource Files</Filter>
    </Image>
    <Image Include="Res\sc10.bmp">
      <Filter>Resource Files</Filter>
    </Image>
    <Image Include="Res\sc11.bmp">
      <Filter>Resource Files</Filter>
    </Image>
    <Image Include="Res\sc12.bmp">
      <Filter>Resource Files</Filter>
    </Image>
    <Image Include="Res\sc13.bmp">
      <Filter>Resource Files</Filter>
    </Image>
    <Image Include="Res\sc2.bmp">
      <Filter>Resource Files</Filter>
    </Image>
    <Image Include="Res\sc3.bmp">
      <Filter>Resource Files</Filter>
    </Image>
    <Image Include="Res\sc4.bmp">
      <Filter>Resource Files</Filter>
    </Image>
    <Image Include="Res\sc5.bmp">
      <Filter>Resource Files</Filter>
    </Image>
    <Image Include="Res\sc6.bmp">
      <Filter>Resource Files</Filter>
    </Image>
    <Image Include="Res\sc7.bmp">
      <Filter>Resource Files</Filter>
    </Image>
    <Image Include="Res\sc8.bmp">
      <Filter>Resource Files</Filter>
    </Image>
    <Image Include="Res\sc9.bmp">
      <Filter>Resource Files</Filter>
    </Image>
    <Image Include="Res\sd1.bmp">
      <Filter>Resource Files</Filter>
    </Image>
    <Image Include="Res\sd10.bmp">
      <Filter>Resource Files</Filter>
    </Image>
    <Image Include="Res\sd11.bmp">
      <Filter>Resource Files</Filter>
    </Image>
    <Image Include="Res\sd12.bmp">
      <Filter>Resource Files</Filter>
    </Image>
    <Image Include="Res\sd13.bmp">
      <Filter>Resource Files</Filter>
    </Image>
    <Image Include="Res\sd2.bmp">
      <Filter>Resource Files</Filter>
    </Image>
    <Image Include="Res\sd3.bmp">
      <Filter>Resource Files</Filter>
    </Image>
    <Image Include="Res\sd4.bmp">
      <Filter>Resource Files</Filter>
    </Image>
    <Image Include="Res\sd5.bmp">
      <Filter>Resource Files</Filter>
    </Image>
    <Image Include="Res\sd6.bmp">
      <Filter>Resource Files</Filter>
    </Image>
    <Image Include="Res\sd7.bmp">
      <Filter>Resource Files</Filter>
    </Image>
    <Image Include="Res\sd8.bmp">
      <Filter>Resource Files</Filter>
    </Image>
    <Image Include="Res\sd9.bmp">
      <Filter>Resource Files</Filter>
    </Image>
    <Image Include="Res\secondary_toolbar.bmp">
      <Filter>Resource Files</Filter>
    </Image>
    <Image Include="Res\sh1.bmp">
      <Filter>Resource Files</Filter>
    </Image>
    <Image Include="Res\sh10.bmp">
      <Filter>Resource Files</Filter>
    </Image>
    <Image Include="Res\sh11.bmp">
      <Filter>Resource Files</Filter>
    </Image>
    <Image Include="Res\sh12.bmp">
      <Filter>Resource Files</Filter>
    </Image>
    <Image Include="Res\sh13.bmp">
      <Filter>Resource Files</Filter>
    </Image>
    <Image Include="Res\sh2.bmp">
      <Filter>Resource Files</Filter>
    </Image>
    <Image Include="Res\sh3.bmp">
      <Filter>Resource Files</Filter>
    </Image>
    <Image Include="Res\sh4.bmp">
      <Filter>Resource Files</Filter>
    </Image>
    <Image Include="Res\sh5.bmp">
      <Filter>Resource Files</Filter>
    </Image>
    <Image Include="Res\sh6.bmp">
      <Filter>Resource Files</Filter>
    </Image>
    <Image Include="Res\sh7.bmp">
      <Filter>Resource Files</Filter>
    </Image>
    <Image Include="Res\sh8.bmp">
      <Filter>Resource Files</Filter>
    </Image>
    <Image Include="Res\sh9.bmp">
      <Filter>Resource Files</Filter>
    </Image>
    <Image Include="Res\SPLASH.BMP">
      <Filter>Resource Files</Filter>
    </Image>
    <Image Include="Res\Splash16.bmp">
      <Filter>Resource Files</Filter>
    </Image>
    <Image Include="Res\ss1.bmp">
      <Filter>Resource Files</Filter>
    </Image>
    <Image Include="Res\ss10.bmp">
      <Filter>Resource Files</Filter>
    </Image>
    <Image Include="Res\ss11.bmp">
      <Filter>Resource Files</Filter>
    </Image>
    <Image Include="Res\ss12.bmp">
      <Filter>Resource Files</Filter>
    </Image>
    <Image Include="Res\ss13.bmp">
      <Filter>Resource Files</Filter>
    </Image>
    <Image Include="Res\ss2.bmp">
      <Filter>Resource Files</Filter>
    </Image>
    <Image Include="Res\ss3.bmp">
      <Filter>Resource Files</Filter>
    </Image>
    <Image Include="Res\ss4.bmp">
      <Filter>Resource Files</Filter>
    </Image>
    <Image Include="Res\ss5.bmp">
      <Filter>Resource Files</Filter>
    </Image>
    <Image Include="Res\ss6.bmp">
      <Filter>Resource Files</Filter>
    </Image>
    <Image Include="Res\ss7.bmp">
      <Filter>Resource Files</Filter>
    </Image>
    <Image Include="Res\ss8.bmp">
      <Filter>Resource Files</Filter>
    </Image>
    <Image Include="Res\ss9.bmp">
      <Filter>Resource Files</Filter>
    </Image>
    <Image Include="Res\suit_club.ico">
      <Filter>Resource Files</Filter>
    </Image>
    <Image Include="Res\suit_diamond.ico">
      <Filter>Resource Files</Filter>
    </Image>
    <Image Include="Res\suit_heart.ico">
      <Filter>Resource Files</Filter>
    </Image>
    <Image Include="Res\suit_nt.ico">
      <Filter>Resource Files</Filter>
    </Image>
    <Image Include="Res\suit_spade.ico">
      <Filter>Resource Files</Filter>
    </Image>
    <Image Include="Res\suits.bmp">
      <Filter>Resource Files</Filter>
    </Image>
    <Image Include="Res\swap_car.bmp">
      <Filter>Resource Files</Filter>
    </Image>
    <Image Include="Res\title.bmp">
      <Filter>Resource Files</Filter>
    </Image>
    <Image Include="Res\TOOLBAR.BMP">
      <Filter>Resource Files</Filter>
    </Image>
    <Image Include="Res\toolbar1.bmp">
      <Filter>Resource Files</Filter>
    </Image>
    <Image Include="Res\toolbar_.bmp">
      <Filter>Resource Files</Filter>
    </Image>
    <Image Include="Res\winners.bmp">
      <Filter>Resource Files</Filter>
    </Image>
    <Image Include="Res\winners_small.bmp">
      <Filter>Resource Files</Filter>
    </Image>
  </ItemGroup>
  <ItemGroup>
    <CustomBuild Include="Res\click_mouse.cur">
      <Filter>Resource Files</Filter>
    </CustomBuild>
    <CustomBuild Include="Res\CUR00001.CUR">
      <Filter>Resource Files</Filter>
    </CustomBuild>
    <CustomBuild Include="Res\CUR00002.CUR">
      <Filter>Resource Files</Filter>
    </CustomBuild>
    <CustomBuild Include="Res\CUR00003.CUR">
      <Filter>Resource Files</Filter>
    </CustomBuild>
    <CustomBuild Include="Res\CUR00004.CUR">
      <Filter>Resource Files</Filter>
    </CustomBuild>
    <CustomBuild Include="Res\CUR00005.CUR">
      <Filter>Resource Files</Filter>
    </CustomBuild>
    <CustomBuild Include="Res\CURSOR1.CUR">
      <Filter>Resource Files</Filter>
    </CustomBuild>
    <CustomBuild Include="Res\CURSOR_E.CUR">
      <Filter>Resource Files</Filter>
    </CustomBuild>
    <CustomBuild Include="Res\cursor_e_invalid.cur">
      <Filter>Resource Files</Filter>
    </CustomBuild>
    <CustomBuild Include="Res\cursor_exchange.cur">
      <Filter>Resource Files</Filter>
    </CustomBuild>
    <CustomBuild Include="Res\cursor_grab.cur">
      <Filter>Resource Files</Filter>
    </CustomBuild>
    <CustomBuild Include="Res\cursor_h.cur">
      <Filter>Resource Files</Filter>
    </CustomBuild>
    <CustomBuild Include="Res\cursor_hand.cur">
      <Filter>Resource Files</Filter>
    </CustomBuild>
    <CustomBuild Include="Res\cursor_hand_illegal.cur">
      <Filter>Resource Files</Filter>
    </CustomBuild>
    <CustomBuild Include="Res\cursor_hand_open.cur">
      <Filter>Resource Files</Filter>
    </CustomBuild>
    <CustomBuild Include="Res\CURSOR_N.CUR">
      <Filter>Resource Files</Filter>
    </CustomBuild>
    <CustomBuild Include="Res\cursor_n_invalid.cur">
      <Filter>Resource Files</Filter>
    </CustomBuild>
    <CustomBuild Include="Res\CURSOR_S.CUR">
      <Filter>Resource Files</Filter>
    </CustomBuild>
    <CustomBuild Include="Res\cursor_s_invalid.cur">
      <Filter>Resource Files</Filter>
    </CustomBuild>
    <CustomBuild Include="Res\CURSOR_W.CUR">
      <Filter>Resource Files</Filter>
    </CustomBuild>
    <CustomBuild Include="Res\cursor_w_invalid.cur">
      <Filter>Resource Files</Filter>
    </CustomBuild>
    <CustomBuild Include="Res\EASYB.RC2">
      <Filter>Resource Files</Filter>
    </CustomBuild>
    <CustomBuild Include="Res\H_point.cur">
      <Filter>Resource Files</Filter>
    </CustomBuild>
    <CustomBuild Include="Res\H_pointOpen.cur">
      <Filter>Resource Files</Filter>
    </CustomBuild>
    <CustomBuild Include="Res\play_east.cur">
      <Filter>Resource Files</Filter>
    </CustomBuild>
    <CustomBuild Include="Res\play_north.cur">
      <Filter>Resource Files</Filter>
    </CustomBuild>
    <CustomBuild Include="Res\play_south.cur">
      <Filter>Resource Files</Filter>
    </CustomBuild>
    <CustomBuild Include="Res\play_west.cur">
      <Filter>Resource Files</Filter>
    </CustomBuild>
  </ItemGroup>
  <ItemGroup>
    <None Include="ClassDiagram.cd" />
    <None Include="ClassDiagram1.cd" />
  </ItemGroup>
</Project>